// !$*UTF8*$!
{
	archiveVersion = 1;
	classes = {
	};
	objectVersion = 46;
	objects = {

/* Begin PBXBuildFile section */
		0F59BC261CA50D8800C92852 /* main.m in Sources */ = {isa = PBXBuildFile; fileRef = 0F59BC251CA50D8800C92852 /* main.m */; };
		0F59BC291CA50D8800C92852 /* AppDelegate.m in Sources */ = {isa = PBXBuildFile; fileRef = 0F59BC281CA50D8800C92852 /* AppDelegate.m */; };
		0F59BC2C1CA50D8800C92852 /* ViewController.m in Sources */ = {isa = PBXBuildFile; fileRef = 0F59BC2B1CA50D8800C92852 /* ViewController.m */; };
		0F59BC2F1CA50D8800C92852 /* Main.storyboard in Resources */ = {isa = PBXBuildFile; fileRef = 0F59BC2D1CA50D8800C92852 /* Main.storyboard */; };
		0F59BC311CA50D8800C92852 /* Assets.xcassets in Resources */ = {isa = PBXBuildFile; fileRef = 0F59BC301CA50D8800C92852 /* Assets.xcassets */; };
		0F59BC341CA50D8800C92852 /* LaunchScreen.storyboard in Resources */ = {isa = PBXBuildFile; fileRef = 0F59BC321CA50D8800C92852 /* LaunchScreen.storyboard */; };
		0F59BC3F1CA50D8800C92852 /* EasePersonCenterTests.m in Sources */ = {isa = PBXBuildFile; fileRef = 0F59BC3E1CA50D8800C92852 /* EasePersonCenterTests.m */; };
		0F59BC4A1CA50D8800C92852 /* EasePersonCenterUITests.m in Sources */ = {isa = PBXBuildFile; fileRef = 0F59BC491CA50D8800C92852 /* EasePersonCenterUITests.m */; };
		0F59BC591CA50FE700C92852 /* HeadView.m in Sources */ = {isa = PBXBuildFile; fileRef = 0F59BC581CA50FE700C92852 /* HeadView.m */; };
		0F59BC5B1CA5109D00C92852 /* todaynews_header_bg_day@2x.png in Resources */ = {isa = PBXBuildFile; fileRef = 0F59BC5A1CA5109D00C92852 /* todaynews_header_bg_day@2x.png */; };
/* End PBXBuildFile section */

/* Begin PBXContainerItemProxy section */
		0F59BC3B1CA50D8800C92852 /* PBXContainerItemProxy */ = {
			isa = PBXContainerItemProxy;
			containerPortal = 0F59BC191CA50D8700C92852 /* Project object */;
			proxyType = 1;
			remoteGlobalIDString = 0F59BC201CA50D8700C92852;
			remoteInfo = EasePersonCenter;
		};
		0F59BC461CA50D8800C92852 /* PBXContainerItemProxy */ = {
			isa = PBXContainerItemProxy;
			containerPortal = 0F59BC191CA50D8700C92852 /* Project object */;
			proxyType = 1;
			remoteGlobalIDString = 0F59BC201CA50D8700C92852;
			remoteInfo = EasePersonCenter;
		};
/* End PBXContainerItemProxy section */

/* Begin PBXFileReference section */
		0F59BC211CA50D8700C92852 /* EasePersonCenter.app */ = {isa = PBXFileReference; explicitFileType = wrapper.application; includeInIndex = 0; path = EasePersonCenter.app; sourceTree = BUILT_PRODUCTS_DIR; };
		0F59BC251CA50D8800C92852 /* main.m */ = {isa = PBXFileReference; lastKnownFileType = sourcecode.c.objc; path = main.m; sourceTree = "<group>"; };
		0F59BC271CA50D8800C92852 /* AppDelegate.h */ = {isa = PBXFileReference; lastKnownFileType = sourcecode.c.h; path = AppDelegate.h; sourceTree = "<group>"; };
		0F59BC281CA50D8800C92852 /* AppDelegate.m */ = {isa = PBXFileReference; lastKnownFileType = sourcecode.c.objc; path = AppDelegate.m; sourceTree = "<group>"; };
		0F59BC2A1CA50D8800C92852 /* ViewController.h */ = {isa = PBXFileReference; lastKnownFileType = sourcecode.c.h; path = ViewController.h; sourceTree = "<group>"; };
		0F59BC2B1CA50D8800C92852 /* ViewController.m */ = {isa = PBXFileReference; lastKnownFileType = sourcecode.c.objc; path = ViewController.m; sourceTree = "<group>"; };
		0F59BC2E1CA50D8800C92852 /* Base */ = {isa = PBXFileReference; lastKnownFileType = file.storyboard; name = Base; path = Base.lproj/Main.storyboard; sourceTree = "<group>"; };
		0F59BC301CA50D8800C92852 /* Assets.xcassets */ = {isa = PBXFileReference; lastKnownFileType = folder.assetcatalog; path = Assets.xcassets; sourceTree = "<group>"; };
		0F59BC331CA50D8800C92852 /* Base */ = {isa = PBXFileReference; lastKnownFileType = file.storyboard; name = Base; path = Base.lproj/LaunchScreen.storyboard; sourceTree = "<group>"; };
		0F59BC351CA50D8800C92852 /* Info.plist */ = {isa = PBXFileReference; lastKnownFileType = text.plist.xml; path = Info.plist; sourceTree = "<group>"; };
		0F59BC3A1CA50D8800C92852 /* EasePersonCenterTests.xctest */ = {isa = PBXFileReference; explicitFileType = wrapper.cfbundle; includeInIndex = 0; path = EasePersonCenterTests.xctest; sourceTree = BUILT_PRODUCTS_DIR; };
		0F59BC3E1CA50D8800C92852 /* EasePersonCenterTests.m */ = {isa = PBXFileReference; lastKnownFileType = sourcecode.c.objc; path = EasePersonCenterTests.m; sourceTree = "<group>"; };
		0F59BC401CA50D8800C92852 /* Info.plist */ = {isa = PBXFileReference; lastKnownFileType = text.plist.xml; path = Info.plist; sourceTree = "<group>"; };
		0F59BC451CA50D8800C92852 /* EasePersonCenterUITests.xctest */ = {isa = PBXFileReference; explicitFileType = wrapper.cfbundle; includeInIndex = 0; path = EasePersonCenterUITests.xctest; sourceTree = BUILT_PRODUCTS_DIR; };
		0F59BC491CA50D8800C92852 /* EasePersonCenterUITests.m */ = {isa = PBXFileReference; lastKnownFileType = sourcecode.c.objc; path = EasePersonCenterUITests.m; sourceTree = "<group>"; };
		0F59BC4B1CA50D8800C92852 /* Info.plist */ = {isa = PBXFileReference; lastKnownFileType = text.plist.xml; path = Info.plist; sourceTree = "<group>"; };
		0F59BC571CA50FE700C92852 /* HeadView.h */ = {isa = PBXFileReference; fileEncoding = 4; lastKnownFileType = sourcecode.c.h; path = HeadView.h; sourceTree = "<group>"; };
		0F59BC581CA50FE700C92852 /* HeadView.m */ = {isa = PBXFileReference; fileEncoding = 4; lastKnownFileType = sourcecode.c.objc; path = HeadView.m; sourceTree = "<group>"; };
		0F59BC5A1CA5109D00C92852 /* todaynews_header_bg_day@2x.png */ = {isa = PBXFileReference; lastKnownFileType = image.png; name = "todaynews_header_bg_day@2x.png"; path = "../../../../Desktop/todaynews_header_bg_day@2x.png"; sourceTree = "<group>"; };
/* End PBXFileReference section */

/* Begin PBXFrameworksBuildPhase section */
		0F59BC1E1CA50D8700C92852 /* Frameworks */ = {
			isa = PBXFrameworksBuildPhase;
			buildActionMask = 2147483647;
			files = (
			);
			runOnlyForDeploymentPostprocessing = 0;
		};
		0F59BC371CA50D8800C92852 /* Frameworks */ = {
			isa = PBXFrameworksBuildPhase;
			buildActionMask = 2147483647;
			files = (
			);
			runOnlyForDeploymentPostprocessing = 0;
		};
		0F59BC421CA50D8800C92852 /* Frameworks */ = {
			isa = PBXFrameworksBuildPhase;
			buildActionMask = 2147483647;
			files = (
			);
			runOnlyForDeploymentPostprocessing = 0;
		};
/* End PBXFrameworksBuildPhase section */

/* Begin PBXGroup section */
		0F59BC181CA50D8700C92852 = {
			isa = PBXGroup;
			children = (
				0F59BC231CA50D8800C92852 /* EasePersonCenter */,
				0F59BC3D1CA50D8800C92852 /* EasePersonCenterTests */,
				0F59BC481CA50D8800C92852 /* EasePersonCenterUITests */,
				0F59BC221CA50D8700C92852 /* Products */,
			);
			sourceTree = "<group>";
		};
		0F59BC221CA50D8700C92852 /* Products */ = {
			isa = PBXGroup;
			children = (
				0F59BC211CA50D8700C92852 /* EasePersonCenter.app */,
				0F59BC3A1CA50D8800C92852 /* EasePersonCenterTests.xctest */,
				0F59BC451CA50D8800C92852 /* EasePersonCenterUITests.xctest */,
			);
			name = Products;
			sourceTree = "<group>";
		};
		0F59BC231CA50D8800C92852 /* EasePersonCenter */ = {
			isa = PBXGroup;
			children = (
				0F59BC5A1CA5109D00C92852 /* todaynews_header_bg_day@2x.png */,
				0F59BC271CA50D8800C92852 /* AppDelegate.h */,
				0F59BC281CA50D8800C92852 /* AppDelegate.m */,
				0F59BC2A1CA50D8800C92852 /* ViewController.h */,
				0F59BC2B1CA50D8800C92852 /* ViewController.m */,
				0F59BC2D1CA50D8800C92852 /* Main.storyboard */,
				0F59BC301CA50D8800C92852 /* Assets.xcassets */,
				0F59BC321CA50D8800C92852 /* LaunchScreen.storyboard */,
				0F59BC351CA50D8800C92852 /* Info.plist */,
				0F59BC241CA50D8800C92852 /* Supporting Files */,
				0F59BC571CA50FE700C92852 /* HeadView.h */,
				0F59BC581CA50FE700C92852 /* HeadView.m */,
			);
			path = EasePersonCenter;
			sourceTree = "<group>";
		};
		0F59BC241CA50D8800C92852 /* Supporting Files */ = {
			isa = PBXGroup;
			children = (
				0F59BC251CA50D8800C92852 /* main.m */,
			);
			name = "Supporting Files";
			sourceTree = "<group>";
		};
		0F59BC3D1CA50D8800C92852 /* EasePersonCenterTests */ = {
			isa = PBXGroup;
			children = (
				0F59BC3E1CA50D8800C92852 /* EasePersonCenterTests.m */,
				0F59BC401CA50D8800C92852 /* Info.plist */,
			);
			path = EasePersonCenterTests;
			sourceTree = "<group>";
		};
		0F59BC481CA50D8800C92852 /* EasePersonCenterUITests */ = {
			isa = PBXGroup;
			children = (
				0F59BC491CA50D8800C92852 /* EasePersonCenterUITests.m */,
				0F59BC4B1CA50D8800C92852 /* Info.plist */,
			);
			path = EasePersonCenterUITests;
			sourceTree = "<group>";
		};
/* End PBXGroup section */

/* Begin PBXNativeTarget section */
		0F59BC201CA50D8700C92852 /* EasePersonCenter */ = {
			isa = PBXNativeTarget;
			buildConfigurationList = 0F59BC4E1CA50D8800C92852 /* Build configuration list for PBXNativeTarget "EasePersonCenter" */;
			buildPhases = (
				0F59BC1D1CA50D8700C92852 /* Sources */,
				0F59BC1E1CA50D8700C92852 /* Frameworks */,
				0F59BC1F1CA50D8700C92852 /* Resources */,
			);
			buildRules = (
			);
			dependencies = (
			);
			name = EasePersonCenter;
			productName = EasePersonCenter;
			productReference = 0F59BC211CA50D8700C92852 /* EasePersonCenter.app */;
			productType = "com.apple.product-type.application";
		};
		0F59BC391CA50D8800C92852 /* EasePersonCenterTests */ = {
			isa = PBXNativeTarget;
			buildConfigurationList = 0F59BC511CA50D8800C92852 /* Build configuration list for PBXNativeTarget "EasePersonCenterTests" */;
			buildPhases = (
				0F59BC361CA50D8800C92852 /* Sources */,
				0F59BC371CA50D8800C92852 /* Frameworks */,
				0F59BC381CA50D8800C92852 /* Resources */,
			);
			buildRules = (
			);
			dependencies = (
				0F59BC3C1CA50D8800C92852 /* PBXTargetDependency */,
			);
			name = EasePersonCenterTests;
			productName = EasePersonCenterTests;
			productReference = 0F59BC3A1CA50D8800C92852 /* EasePersonCenterTests.xctest */;
			productType = "com.apple.product-type.bundle.unit-test";
		};
		0F59BC441CA50D8800C92852 /* EasePersonCenterUITests */ = {
			isa = PBXNativeTarget;
			buildConfigurationList = 0F59BC541CA50D8800C92852 /* Build configuration list for PBXNativeTarget "EasePersonCenterUITests" */;
			buildPhases = (
				0F59BC411CA50D8800C92852 /* Sources */,
				0F59BC421CA50D8800C92852 /* Frameworks */,
				0F59BC431CA50D8800C92852 /* Resources */,
			);
			buildRules = (
			);
			dependencies = (
				0F59BC471CA50D8800C92852 /* PBXTargetDependency */,
			);
			name = EasePersonCenterUITests;
			productName = EasePersonCenterUITests;
			productReference = 0F59BC451CA50D8800C92852 /* EasePersonCenterUITests.xctest */;
			productType = "com.apple.product-type.bundle.ui-testing";
		};
/* End PBXNativeTarget section */

/* Begin PBXProject section */
		0F59BC191CA50D8700C92852 /* Project object */ = {
			isa = PBXProject;
			attributes = {
				LastUpgradeCheck = 0730;
				ORGANIZATIONNAME = appleDeveloper;
				TargetAttributes = {
					0F59BC201CA50D8700C92852 = {
						CreatedOnToolsVersion = 7.3;
					};
					0F59BC391CA50D8800C92852 = {
						CreatedOnToolsVersion = 7.3;
						TestTargetID = 0F59BC201CA50D8700C92852;
					};
					0F59BC441CA50D8800C92852 = {
						CreatedOnToolsVersion = 7.3;
						TestTargetID = 0F59BC201CA50D8700C92852;
					};
				};
			};
			buildConfigurationList = 0F59BC1C1CA50D8700C92852 /* Build configuration list for PBXProject "EasePersonCenter" */;
			compatibilityVersion = "Xcode 3.2";
			developmentRegion = English;
			hasScannedForEncodings = 0;
			knownRegions = (
				en,
				Base,
			);
			mainGroup = 0F59BC181CA50D8700C92852;
			productRefGroup = 0F59BC221CA50D8700C92852 /* Products */;
			projectDirPath = "";
			projectRoot = "";
			targets = (
				0F59BC201CA50D8700C92852 /* EasePersonCenter */,
				0F59BC391CA50D8800C92852 /* EasePersonCenterTests */,
				0F59BC441CA50D8800C92852 /* EasePersonCenterUITests */,
			);
		};
/* End PBXProject section */

/* Begin PBXResourcesBuildPhase section */
		0F59BC1F1CA50D8700C92852 /* Resources */ = {
			isa = PBXResourcesBuildPhase;
			buildActionMask = 2147483647;
			files = (
				0F59BC341CA50D8800C92852 /* LaunchScreen.storyboard in Resources */,
				0F59BC311CA50D8800C92852 /* Assets.xcassets in Resources */,
				0F59BC5B1CA5109D00C92852 /* todaynews_header_bg_day@2x.png in Resources */,
				0F59BC2F1CA50D8800C92852 /* Main.storyboard in Resources */,
			);
			runOnlyForDeploymentPostprocessing = 0;
		};
		0F59BC381CA50D8800C92852 /* Resources */ = {
			isa = PBXResourcesBuildPhase;
			buildActionMask = 2147483647;
			files = (
			);
			runOnlyForDeploymentPostprocessing = 0;
		};
		0F59BC431CA50D8800C92852 /* Resources */ = {
			isa = PBXResourcesBuildPhase;
			buildActionMask = 2147483647;
			files = (
			);
			runOnlyForDeploymentPostprocessing = 0;
		};
/* End PBXResourcesBuildPhase section */

/* Begin PBXSourcesBuildPhase section */
		0F59BC1D1CA50D8700C92852 /* Sources */ = {
			isa = PBXSourcesBuildPhase;
			buildActionMask = 2147483647;
			files = (
				0F59BC2C1CA50D8800C92852 /* ViewController.m in Sources */,
				0F59BC291CA50D8800C92852 /* AppDelegate.m in Sources */,
				0F59BC591CA50FE700C92852 /* HeadView.m in Sources */,
				0F59BC261CA50D8800C92852 /* main.m in Sources */,
			);
			runOnlyForDeploymentPostprocessing = 0;
		};
		0F59BC361CA50D8800C92852 /* Sources */ = {
			isa = PBXSourcesBuildPhase;
			buildActionMask = 2147483647;
			files = (
				0F59BC3F1CA50D8800C92852 /* EasePersonCenterTests.m in Sources */,
			);
			runOnlyForDeploymentPostprocessing = 0;
		};
		0F59BC411CA50D8800C92852 /* Sources */ = {
			isa = PBXSourcesBuildPhase;
			buildActionMask = 2147483647;
			files = (
				0F59BC4A1CA50D8800C92852 /* EasePersonCenterUITests.m in Sources */,
			);
			runOnlyForDeploymentPostprocessing = 0;
		};
/* End PBXSourcesBuildPhase section */

/* Begin PBXTargetDependency section */
		0F59BC3C1CA50D8800C92852 /* PBXTargetDependency */ = {
			isa = PBXTargetDependency;
			target = 0F59BC201CA50D8700C92852 /* EasePersonCenter */;
			targetProxy = 0F59BC3B1CA50D8800C92852 /* PBXContainerItemProxy */;
		};
		0F59BC471CA50D8800C92852 /* PBXTargetDependency */ = {
			isa = PBXTargetDependency;
			target = 0F59BC201CA50D8700C92852 /* EasePersonCenter */;
			targetProxy = 0F59BC461CA50D8800C92852 /* PBXContainerItemProxy */;
		};
/* End PBXTargetDependency section */

/* Begin PBXVariantGroup section */
		0F59BC2D1CA50D8800C92852 /* Main.storyboard */ = {
			isa = PBXVariantGroup;
			children = (
				0F59BC2E1CA50D8800C92852 /* Base */,
			);
			name = Main.storyboard;
			sourceTree = "<group>";
		};
		0F59BC321CA50D8800C92852 /* LaunchScreen.storyboard */ = {
			isa = PBXVariantGroup;
			children = (
				0F59BC331CA50D8800C92852 /* Base */,
			);
			name = LaunchScreen.storyboard;
			sourceTree = "<group>";
		};
/* End PBXVariantGroup section */

/* Begin XCBuildConfiguration section */
		0F59BC4C1CA50D8800C92852 /* Debug */ = {
			isa = XCBuildConfiguration;
			buildSettings = {
				ALWAYS_SEARCH_USER_PATHS = NO;
				CLANG_ANALYZER_NONNULL = YES;
				CLANG_CXX_LANGUAGE_STANDARD = "gnu++0x";
				CLANG_CXX_LIBRARY = "libc++";
				CLANG_ENABLE_MODULES = YES;
				CLANG_ENABLE_OBJC_ARC = YES;
				CLANG_WARN_BOOL_CONVERSION = YES;
				CLANG_WARN_CONSTANT_CONVERSION = YES;
				CLANG_WARN_DIRECT_OBJC_ISA_USAGE = YES_ERROR;
				CLANG_WARN_EMPTY_BODY = YES;
				CLANG_WARN_ENUM_CONVERSION = YES;
				CLANG_WARN_INT_CONVERSION = YES;
				CLANG_WARN_OBJC_ROOT_CLASS = YES_ERROR;
				CLANG_WARN_UNREACHABLE_CODE = YES;
				CLANG_WARN__DUPLICATE_METHOD_MATCH = YES;
				"CODE_SIGN_IDENTITY[sdk=iphoneos*]" = "iPhone Developer";
				COPY_PHASE_STRIP = NO;
				DEBUG_INFORMATION_FORMAT = dwarf;
				ENABLE_STRICT_OBJC_MSGSEND = YES;
				ENABLE_TESTABILITY = YES;
				GCC_C_LANGUAGE_STANDARD = gnu99;
				GCC_DYNAMIC_NO_PIC = NO;
				GCC_NO_COMMON_BLOCKS = YES;
				GCC_OPTIMIZATION_LEVEL = 0;
				GCC_PREPROCESSOR_DEFINITIONS = (
					"DEBUG=1",
					"$(inherited)",
				);
				GCC_WARN_64_TO_32_BIT_CONVERSION = YES;
				GCC_WARN_ABOUT_RETURN_TYPE = YES_ERROR;
				GCC_WARN_UNDECLARED_SELECTOR = YES;
				GCC_WARN_UNINITIALIZED_AUTOS = YES_AGGRESSIVE;
				GCC_WARN_UNUSED_FUNCTION = YES;
				GCC_WARN_UNUSED_VARIABLE = YES;
				IPHONEOS_DEPLOYMENT_TARGET = 8.0;
				MTL_ENABLE_DEBUG_INFO = YES;
				ONLY_ACTIVE_ARCH = YES;
				SDKROOT = iphoneos;
				TARGETED_DEVICE_FAMILY = "1,2";
			};
			name = Debug;
		};
		0F59BC4D1CA50D8800C92852 /* Release */ = {
			isa = XCBuildConfiguration;
			buildSettings = {
				ALWAYS_SEARCH_USER_PATHS = NO;
				CLANG_ANALYZER_NONNULL = YES;
				CLANG_CXX_LANGUAGE_STANDARD = "gnu++0x";
				CLANG_CXX_LIBRARY = "libc++";
				CLANG_ENABLE_MODULES = YES;
				CLANG_ENABLE_OBJC_ARC = YES;
				CLANG_WARN_BOOL_CONVERSION = YES;
				CLANG_WARN_CONSTANT_CONVERSION = YES;
				CLANG_WARN_DIRECT_OBJC_ISA_USAGE = YES_ERROR;
				CLANG_WARN_EMPTY_BODY = YES;
				CLANG_WARN_ENUM_CONVERSION = YES;
				CLANG_WARN_INT_CONVERSION = YES;
				CLANG_WARN_OBJC_ROOT_CLASS = YES_ERROR;
				CLANG_WARN_UNREACHABLE_CODE = YES;
				CLANG_WARN__DUPLICATE_METHOD_MATCH = YES;
				"CODE_SIGN_IDENTITY[sdk=iphoneos*]" = "iPhone Developer";
				COPY_PHASE_STRIP = NO;
				DEBUG_INFORMATION_FORMAT = "dwarf-with-dsym";
				ENABLE_NS_ASSERTIONS = NO;
				ENABLE_STRICT_OBJC_MSGSEND = YES;
				GCC_C_LANGUAGE_STANDARD = gnu99;
				GCC_NO_COMMON_BLOCKS = YES;
				GCC_WARN_64_TO_32_BIT_CONVERSION = YES;
				GCC_WARN_ABOUT_RETURN_TYPE = YES_ERROR;
				GCC_WARN_UNDECLARED_SELECTOR = YES;
				GCC_WARN_UNINITIALIZED_AUTOS = YES_AGGRESSIVE;
				GCC_WARN_UNUSED_FUNCTION = YES;
				GCC_WARN_UNUSED_VARIABLE = YES;
				IPHONEOS_DEPLOYMENT_TARGET = 8.0;
				MTL_ENABLE_DEBUG_INFO = NO;
				SDKROOT = iphoneos;
				TARGETED_DEVICE_FAMILY = "1,2";
				VALIDATE_PRODUCT = YES;
			};
			name = Release;
		};
		0F59BC4F1CA50D8800C92852 /* Debug */ = {
			isa = XCBuildConfiguration;
			buildSettings = {
				ASSETCATALOG_COMPILER_APPICON_NAME = AppIcon;
				INFOPLIST_FILE = EasePersonCenter/Info.plist;
				IPHONEOS_DEPLOYMENT_TARGET = 8.0;
				LD_RUNPATH_SEARCH_PATHS = "$(inherited) @executable_path/Frameworks";
				PRODUCT_BUNDLE_IDENTIFIER = sss.EasePersonCenter;
				PRODUCT_NAME = "$(TARGET_NAME)";
			};
			name = Debug;
		};
		0F59BC501CA50D8800C92852 /* Release */ = {
			isa = XCBuildConfiguration;
			buildSettings = {
				ASSETCATALOG_COMPILER_APPICON_NAME = AppIcon;
				INFOPLIST_FILE = EasePersonCenter/Info.plist;
				IPHONEOS_DEPLOYMENT_TARGET = 8.0;
				LD_RUNPATH_SEARCH_PATHS = "$(inherited) @executable_path/Frameworks";
				PRODUCT_BUNDLE_IDENTIFIER = sss.EasePersonCenter;
				PRODUCT_NAME = "$(TARGET_NAME)";
			};
			name = Release;
		};
		0F59BC521CA50D8800C92852 /* Debug */ = {
			isa = XCBuildConfiguration;
			buildSettings = {
				BUNDLE_LOADER = "$(TEST_HOST)";
				INFOPLIST_FILE = EasePersonCenterTests/Info.plist;
				LD_RUNPATH_SEARCH_PATHS = "$(inherited) @executable_path/Frameworks @loader_path/Frameworks";
				PRODUCT_BUNDLE_IDENTIFIER = sss.EasePersonCenterTests;
				PRODUCT_NAME = "$(TARGET_NAME)";
				TEST_HOST = "$(BUILT_PRODUCTS_DIR)/EasePersonCenter.app/EasePersonCenter";
			};
			name = Debug;
		};
		0F59BC531CA50D8800C92852 /* Release */ = {
			isa = XCBuildConfiguration;
			buildSettings = {
				BUNDLE_LOADER = "$(TEST_HOST)";
				INFOPLIST_FILE = EasePersonCenterTests/Info.plist;
				LD_RUNPATH_SEARCH_PATHS = "$(inherited) @executable_path/Frameworks @loader_path/Frameworks";
				PRODUCT_BUNDLE_IDENTIFIER = sss.EasePersonCenterTests;
				PRODUCT_NAME = "$(TARGET_NAME)";
				TEST_HOST = "$(BUILT_PRODUCTS_DIR)/EasePersonCenter.app/EasePersonCenter";
			};
			name = Release;
		};
		0F59BC551CA50D8800C92852 /* Debug */ = {
			isa = XCBuildConfiguration;
			buildSettings = {
				INFOPLIST_FILE = EasePersonCenterUITests/Info.plist;
				LD_RUNPATH_SEARCH_PATHS = "$(inherited) @executable_path/Frameworks @loader_path/Frameworks";
				PRODUCT_BUNDLE_IDENTIFIER = sss.EasePersonCenterUITests;
				PRODUCT_NAME = "$(TARGET_NAME)";
				TEST_TARGET_NAME = EasePersonCenter;
			};
			name = Debug;
		};
		0F59BC561CA50D8800C92852 /* Release */ = {
			isa = XCBuildConfiguration;
			buildSettings = {
				INFOPLIST_FILE = EasePersonCenterUITests/Info.plist;
				LD_RUNPATH_SEARCH_PATHS = "$(inherited) @executable_path/Frameworks @loader_path/Frameworks";
				PRODUCT_BUNDLE_IDENTIFIER = sss.EasePersonCenterUITests;
				PRODUCT_NAME = "$(TARGET_NAME)";
				TEST_TARGET_NAME = EasePersonCenter;
			};
			name = Release;
		};
/* End XCBuildConfiguration section */

/* Begin XCConfigurationList section */
		0F59BC1C1CA50D8700C92852 /* Build configuration list for PBXProject "EasePersonCenter" */ = {
			isa = XCConfigurationList;
			buildConfigurations = (
				0F59BC4C1CA50D8800C92852 /* Debug */,
				0F59BC4D1CA50D8800C92852 /* Release */,
			);
			defaultConfigurationIsVisible = 0;
			defaultConfigurationName = Release;
		};
		0F59BC4E1CA50D8800C92852 /* Build configuration list for PBXNativeTarget "EasePersonCenter" */ = {
			isa = XCConfigurationList;
			buildConfigurations = (
				0F59BC4F1CA50D8800C92852 /* Debug */,
				0F59BC501CA50D8800C92852 /* Release */,
			);
			defaultConfigurationIsVisible = 0;
		};
		0F59BC511CA50D8800C92852 /* Build configuration list for PBXNativeTarget "EasePersonCenterTests" */ = {
			isa = XCConfigurationList;
			buildConfigurations = (
				0F59BC521CA50D8800C92852 /* Debug */,
				0F59BC531CA50D8800C92852 /* Release */,
			);
			defaultConfigurationIsVisible = 0;
		};
		0F59BC541CA50D8800C92852 /* Build configuration list for PBXNativeTarget "EasePersonCenterUITests" */ = {
			isa = XCConfigurationList;
			buildConfigurations = (
				0F59BC551CA50D8800C92852 /* Debug */,
				0F59BC561CA50D8800C92852 /* Release */,
			);
			defaultConfigurationIsVisible = 0;
		};
/* End XCConfigurationList section */
	};
	rootObject = 0F59BC191CA50D8700C92852 /* Project object */;
}
